
Microsoft Visual Studio Solution File, Format Version 12.00
# Visual Studio Version 16
VisualStudioVersion = 16.0.32510.428
MinimumVisualStudioVersion = 10.0.40219.1
Project("{FAE04EC0-301F-11D3-BF4B-00C04F79EFBC}") = "OMS", "OMS\OMS.csproj", "{39C191D3-B450-4679-896F-8951AB21249B}"
EndProject
Global
	GlobalSection(SolutionConfigurationPlatforms) = preSolution
		Debug|Any CPU = Debug|Any CPU
		Release|Any CPU = Release|Any CPU
	EndGlobalSection
	GlobalSection(ProjectConfigurationPlatforms) = postSolution
		{39C191D3-B450-4679-896F-8951AB21249B}.Debug|Any CPU.ActiveCfg = Debug|Any CPU
		{39C191D3-B450-4679-896F-8951AB21249B}.Debug|Any CPU.Build.0 = Debug|Any CPU
		{39C191D3-B450-4679-896F-8951AB21249B}.Release|Any CPU.ActiveCfg = Release|Any CPU
		{39C191D3-B450-4679-896F-8951AB21249B}.Release|Any CPU.Build.0 = Release|Any CPU
	EndGlobalSection
	GlobalSection(SolutionProperties) = preSolution
		HideSolutionNode = FALSE
	EndGlobalSection
	GlobalSection(ExtensibilityGlobals) = postSolution
		SolutionGuid = {9CAA2957-4215-4A90-A2D9-8DBF887FA4BA}
	EndGlobalSection
EndGlobal
